// !$*UTF8*$!
{
	archiveVersion = 1;
	classes = {
	};
	objectVersion = 50;
	objects = {

/* Begin PBXBuildFile section */
		AFF0344C22C2664E00FD5777 /* AppDelegate.swift in Sources */ = {isa = PBXBuildFile; fileRef = AFF0344B22C2664E00FD5777 /* AppDelegate.swift */; };
		AFF0344E22C2664E00FD5777 /* ViewController.swift in Sources */ = {isa = PBXBuildFile; fileRef = AFF0344D22C2664E00FD5777 /* ViewController.swift */; };
		AFF0345122C2664E00FD5777 /* Main.storyboard in Resources */ = {isa = PBXBuildFile; fileRef = AFF0344F22C2664E00FD5777 /* Main.storyboard */; };
		AFF0345322C2665000FD5777 /* Assets.xcassets in Resources */ = {isa = PBXBuildFile; fileRef = AFF0345222C2665000FD5777 /* Assets.xcassets */; };
		AFF0345622C2665000FD5777 /* LaunchScreen.storyboard in Resources */ = {isa = PBXBuildFile; fileRef = AFF0345422C2665000FD5777 /* LaunchScreen.storyboard */; };
		AFF0345E22C2CA3D00FD5777 /* DraggableView.swift in Sources */ = {isa = PBXBuildFile; fileRef = AFF0345D22C2CA3D00FD5777 /* DraggableView.swift */; };
		AFF0346022C2D17000FD5777 /* CircleMenu.xib in Resources */ = {isa = PBXBuildFile; fileRef = AFF0345F22C2D17000FD5777 /* CircleMenu.xib */; };
		AFF0346222C2D54F00FD5777 /* UIViewExtension.swift in Sources */ = {isa = PBXBuildFile; fileRef = AFF0346122C2D54F00FD5777 /* UIViewExtension.swift */; };
		AFF034EA22C9595900FD5777 /* CircleMenu.swift in Sources */ = {isa = PBXBuildFile; fileRef = AFF034E922C9595900FD5777 /* CircleMenu.swift */; };
/* End PBXBuildFile section */

/* Begin PBXFileReference section */
		AFF0344822C2664E00FD5777 /* Shapes.app */ = {isa = PBXFileReference; explicitFileType = wrapper.application; includeInIndex = 0; path = Shapes.app; sourceTree = BUILT_PRODUCTS_DIR; };
		AFF0344B22C2664E00FD5777 /* AppDelegate.swift */ = {isa = PBXFileReference; lastKnownFileType = sourcecode.swift; path = AppDelegate.swift; sourceTree = "<group>"; };
		AFF0344D22C2664E00FD5777 /* ViewController.swift */ = {isa = PBXFileReference; lastKnownFileType = sourcecode.swift; path = ViewController.swift; sourceTree = "<group>"; };
		AFF0345022C2664E00FD5777 /* Base */ = {isa = PBXFileReference; lastKnownFileType = file.storyboard; name = Base; path = Base.lproj/Main.storyboard; sourceTree = "<group>"; };
		AFF0345222C2665000FD5777 /* Assets.xcassets */ = {isa = PBXFileReference; lastKnownFileType = folder.assetcatalog; path = Assets.xcassets; sourceTree = "<group>"; };
		AFF0345522C2665000FD5777 /* Base */ = {isa = PBXFileReference; lastKnownFileType = file.storyboard; name = Base; path = Base.lproj/LaunchScreen.storyboard; sourceTree = "<group>"; };
		AFF0345722C2665000FD5777 /* Info.plist */ = {isa = PBXFileReference; lastKnownFileType = text.plist.xml; path = Info.plist; sourceTree = "<group>"; };
		AFF0345D22C2CA3D00FD5777 /* DraggableView.swift */ = {isa = PBXFileReference; lastKnownFileType = sourcecode.swift; path = DraggableView.swift; sourceTree = "<group>"; };
		AFF0345F22C2D17000FD5777 /* CircleMenu.xib */ = {isa = PBXFileReference; lastKnownFileType = file.xib; path = CircleMenu.xib; sourceTree = "<group>"; };
		AFF0346122C2D54F00FD5777 /* UIViewExtension.swift */ = {isa = PBXFileReference; lastKnownFileType = sourcecode.swift; path = UIViewExtension.swift; sourceTree = "<group>"; };
		AFF034E922C9595900FD5777 /* CircleMenu.swift */ = {isa = PBXFileReference; lastKnownFileType = sourcecode.swift; path = CircleMenu.swift; sourceTree = "<group>"; };
/* End PBXFileReference section */

/* Begin PBXFrameworksBuildPhase section */
		AFF0344522C2664E00FD5777 /* Frameworks */ = {
			isa = PBXFrameworksBuildPhase;
			buildActionMask = 2147483647;
			files = (
			);
			runOnlyForDeploymentPostprocessing = 0;
		};
/* End PBXFrameworksBuildPhase section */

/* Begin PBXGroup section */
		AFF0343F22C2664E00FD5777 = {
			isa = PBXGroup;
			children = (
				AFF0344A22C2664E00FD5777 /* Shapes */,
				AFF0344922C2664E00FD5777 /* Products */,
			);
			sourceTree = "<group>";
		};
		AFF0344922C2664E00FD5777 /* Products */ = {
			isa = PBXGroup;
			children = (
				AFF0344822C2664E00FD5777 /* Shapes.app */,
			);
			name = Products;
			sourceTree = "<group>";
		};
		AFF0344A22C2664E00FD5777 /* Shapes */ = {
			isa = PBXGroup;
			children = (
				AFF0344B22C2664E00FD5777 /* AppDelegate.swift */,
				AFF0344D22C2664E00FD5777 /* ViewController.swift */,
				AFF0344F22C2664E00FD5777 /* Main.storyboard */,
				AFF034F122CA1CD100FD5777 /* Extensions */,
				AFF034F222CA1CF300FD5777 /* DraggableView */,
				AFF034F022CA1CC400FD5777 /* CircleMenu */,
				AFF0345222C2665000FD5777 /* Assets.xcassets */,
				AFF0345422C2665000FD5777 /* LaunchScreen.storyboard */,
				AFF0345722C2665000FD5777 /* Info.plist */,
			);
			path = Shapes;
			sourceTree = "<group>";
		};
		AFF034F022CA1CC400FD5777 /* CircleMenu */ = {
			isa = PBXGroup;
			children = (
				AFF034E922C9595900FD5777 /* CircleMenu.swift */,
				AFF0345F22C2D17000FD5777 /* CircleMenu.xib */,
			);
			path = CircleMenu;
			sourceTree = "<group>";
		};
		AFF034F122CA1CD100FD5777 /* Extensions */ = {
			isa = PBXGroup;
			children = (
				AFF0346122C2D54F00FD5777 /* UIViewExtension.swift */,
			);
			path = Extensions;
			sourceTree = "<group>";
		};
		AFF034F222CA1CF300FD5777 /* DraggableView */ = {
			isa = PBXGroup;
			children = (
				AFF0345D22C2CA3D00FD5777 /* DraggableView.swift */,
			);
			path = DraggableView;
			sourceTree = "<group>";
		};
/* End PBXGroup section */

/* Begin PBXNativeTarget section */
		AFF0344722C2664E00FD5777 /* Shapes */ = {
			isa = PBXNativeTarget;
			buildConfigurationList = AFF0345A22C2665000FD5777 /* Build configuration list for PBXNativeTarget "Shapes" */;
			buildPhases = (
				AFF0344422C2664E00FD5777 /* Sources */,
				AFF0344522C2664E00FD5777 /* Frameworks */,
				AFF0344622C2664E00FD5777 /* Resources */,
			);
			buildRules = (
			);
			dependencies = (
			);
			name = Shapes;
			productName = Shapes;
			productReference = AFF0344822C2664E00FD5777 /* Shapes.app */;
			productType = "com.apple.product-type.application";
		};
/* End PBXNativeTarget section */

/* Begin PBXProject section */
		AFF0344022C2664E00FD5777 /* Project object */ = {
			isa = PBXProject;
			attributes = {
				LastSwiftUpdateCheck = 1020;
				LastUpgradeCheck = 1020;
				ORGANIZATIONNAME = "Zhanna Sargsyan";
				TargetAttributes = {
					AFF0344722C2664E00FD5777 = {
						CreatedOnToolsVersion = 10.2.1;
					};
				};
			};
			buildConfigurationList = AFF0344322C2664E00FD5777 /* Build configuration list for PBXProject "Shapes" */;
			compatibilityVersion = "Xcode 9.3";
			developmentRegion = en;
			hasScannedForEncodings = 0;
			knownRegions = (
				en,
				Base,
			);
			mainGroup = AFF0343F22C2664E00FD5777;
			productRefGroup = AFF0344922C2664E00FD5777 /* Products */;
			projectDirPath = "";
			projectRoot = "";
			targets = (
				AFF0344722C2664E00FD5777 /* Shapes */,
			);
		};
/* End PBXProject section */

/* Begin PBXResourcesBuildPhase section */
		AFF0344622C2664E00FD5777 /* Resources */ = {
			isa = PBXResourcesBuildPhase;
			buildActionMask = 2147483647;
			files = (
				AFF0345622C2665000FD5777 /* LaunchScreen.storyboard in Resources */,
				AFF0346022C2D17000FD5777 /* CircleMenu.xib in Resources */,
				AFF0345322C2665000FD5777 /* Assets.xcassets in Resources */,
				AFF0345122C2664E00FD5777 /* Main.storyboard in Resources */,
			);
			runOnlyForDeploymentPostprocessing = 0;
		};
/* End PBXResourcesBuildPhase section */

/* Begin PBXSourcesBuildPhase section */
		AFF0344422C2664E00FD5777 /* Sources */ = {
			isa = PBXSourcesBuildPhase;
			buildActionMask = 2147483647;
			files = (
				AFF0345E22C2CA3D00FD5777 /* DraggableView.swift in Sources */,
				AFF0344E22C2664E00FD5777 /* ViewController.swift in Sources */,
				AFF0344C22C2664E00FD5777 /* AppDelegate.swift in Sources */,
				AFF0346222C2D54F00FD5777 /* UIViewExtension.swift in Sources */,
				AFF034EA22C9595900FD5777 /* CircleMenu.swift in Sources */,
			);
			runOnlyForDeploymentPostprocessing = 0;
		};
/* End PBXSourcesBuildPhase section */

/* Begin PBXVariantGroup section */
		AFF0344F22C2664E00FD5777 /* Main.storyboard */ = {
			isa = PBXVariantGroup;
			children = (
				AFF0345022C2664E00FD5777 /* Base */,
			);
			name = Main.storyboard;
			sourceTree = "<group>";
		};
		AFF0345422C2665000FD5777 /* LaunchScreen.storyboard */ = {
			isa = PBXVariantGroup;
			children = (
				AFF0345522C2665000FD5777 /* Base */,
			);
			name = LaunchScreen.storyboard;
			sourceTree = "<group>";
		};
/* End PBXVariantGroup section */

/* Begin XCBuildConfiguration section */
		AFF0345822C2665000FD5777 /* Debug */ = {
			isa = XCBuildConfiguration;
			buildSettings = {
				ALWAYS_SEARCH_USER_PATHS = NO;
				CLANG_ANALYZER_NONNULL = YES;
				CLANG_ANALYZER_NUMBER_OBJECT_CONVERSION = YES_AGGRESSIVE;
				CLANG_CXX_LANGUAGE_STANDARD = "gnu++14";
				CLANG_CXX_LIBRARY = "libc++";
				CLANG_ENABLE_MODULES = YES;
				CLANG_ENABLE_OBJC_ARC = YES;
				CLANG_ENABLE_OBJC_WEAK = YES;
				CLANG_WARN_BLOCK_CAPTURE_AUTORELEASING = YES;
				CLANG_WARN_BOOL_CONVERSION = YES;
				CLANG_WARN_COMMA = YES;
				CLANG_WARN_CONSTANT_CONVERSION = YES;
				CLANG_WARN_DEPRECATED_OBJC_IMPLEMENTATIONS = YES;
				CLANG_WARN_DIRECT_OBJC_ISA_USAGE = YES_ERROR;
				CLANG_WARN_DOCUMENTATION_COMMENTS = YES;
				CLANG_WARN_EMPTY_BODY = YES;
				CLANG_WARN_ENUM_CONVERSION = YES;
				CLANG_WARN_INFINITE_RECURSION = YES;
				CLANG_WARN_INT_CONVERSION = YES;
				CLANG_WARN_NON_LITERAL_NULL_CONVERSION = YES;
				CLANG_WARN_OBJC_IMPLICIT_RETAIN_SELF = YES;
				CLANG_WARN_OBJC_LITERAL_CONVERSION = YES;
				CLANG_WARN_OBJC_ROOT_CLASS = YES_ERROR;
				CLANG_WARN_RANGE_LOOP_ANALYSIS = YES;
				CLANG_WARN_STRICT_PROTOTYPES = YES;
				CLANG_WARN_SUSPICIOUS_MOVE = YES;
				CLANG_WARN_UNGUARDED_AVAILABILITY = YES_AGGRESSIVE;
				CLANG_WARN_UNREACHABLE_CODE = YES;
				CLANG_WARN__DUPLICATE_METHOD_MATCH = YES;
				CODE_SIGN_IDENTITY = "iPhone Developer";
				COPY_PHASE_STRIP = NO;
				DEBUG_INFORMATION_FORMAT = dwarf;
				ENABLE_STRICT_OBJC_MSGSEND = YES;
				ENABLE_TESTABILITY = YES;
				GCC_C_LANGUAGE_STANDARD = gnu11;
				GCC_DYNAMIC_NO_PIC = NO;
				GCC_NO_COMMON_BLOCKS = YES;
				GCC_OPTIMIZATION_LEVEL = 0;
				GCC_PREPROCESSOR_DEFINITIONS = (
					"DEBUG=1",
					"$(inherited)",
				);
				GCC_WARN_64_TO_32_BIT_CONVERSION = YES;
				GCC_WARN_ABOUT_RETURN_TYPE = YES_ERROR;
				GCC_WARN_UNDECLARED_SELECTOR = YES;
				GCC_WARN_UNINITIALIZED_AUTOS = YES_AGGRESSIVE;
				GCC_WARN_UNUSED_FUNCTION = YES;
				GCC_WARN_UNUSED_VARIABLE = YES;
				IPHONEOS_DEPLOYMENT_TARGET = 12.2;
				MTL_ENABLE_DEBUG_INFO = INCLUDE_SOURCE;
				MTL_FAST_MATH = YES;
				ONLY_ACTIVE_ARCH = YES;
				SDKROOT = iphoneos;
				SWIFT_ACTIVE_COMPILATION_CONDITIONS = DEBUG;
				SWIFT_OPTIMIZATION_LEVEL = "-Onone";
			};
			name = Debug;
		};
		AFF0345922C2665000FD5777 /* Release */ = {
			isa = XCBuildConfiguration;
			buildSettings = {
				ALWAYS_SEARCH_USER_PATHS = NO;
				CLANG_ANALYZER_NONNULL = YES;
				CLANG_ANALYZER_NUMBER_OBJECT_CONVERSION = YES_AGGRESSIVE;
				CLANG_CXX_LANGUAGE_STANDARD = "gnu++14";
				CLANG_CXX_LIBRARY = "libc++";
				CLANG_ENABLE_MODULES = YES;
				CLANG_ENABLE_OBJC_ARC = YES;
				CLANG_ENABLE_OBJC_WEAK = YES;
				CLANG_WARN_BLOCK_CAPTURE_AUTORELEASING = YES;
				CLANG_WARN_BOOL_CONVERSION = YES;
				CLANG_WARN_COMMA = YES;
				CLANG_WARN_CONSTANT_CONVERSION = YES;
				CLANG_WARN_DEPRECATED_OBJC_IMPLEMENTATIONS = YES;
				CLANG_WARN_DIRECT_OBJC_ISA_USAGE = YES_ERROR;
				CLANG_WARN_DOCUMENTATION_COMMENTS = YES;
				CLANG_WARN_EMPTY_BODY = YES;
				CLANG_WARN_ENUM_CONVERSION = YES;
				CLANG_WARN_INFINITE_RECURSION = YES;
				CLANG_WARN_INT_CONVERSION = YES;
				CLANG_WARN_NON_LITERAL_NULL_CONVERSION = YES;
				CLANG_WARN_OBJC_IMPLICIT_RETAIN_SELF = YES;
				CLANG_WARN_OBJC_LITERAL_CONVERSION = YES;
				CLANG_WARN_OBJC_ROOT_CLASS = YES_ERROR;
				CLANG_WARN_RANGE_LOOP_ANALYSIS = YES;
				CLANG_WARN_STRICT_PROTOTYPES = YES;
				CLANG_WARN_SUSPICIOUS_MOVE = YES;
				CLANG_WARN_UNGUARDED_AVAILABILITY = YES_AGGRESSIVE;
				CLANG_WARN_UNREACHABLE_CODE = YES;
				CLANG_WARN__DUPLICATE_METHOD_MATCH = YES;
				CODE_SIGN_IDENTITY = "iPhone Developer";
				COPY_PHASE_STRIP = NO;
				DEBUG_INFORMATION_FORMAT = "dwarf-with-dsym";
				ENABLE_NS_ASSERTIONS = NO;
				ENABLE_STRICT_OBJC_MSGSEND = YES;
				GCC_C_LANGUAGE_STANDARD = gnu11;
				GCC_NO_COMMON_BLOCKS = YES;
				GCC_WARN_64_TO_32_BIT_CONVERSION = YES;
				GCC_WARN_ABOUT_RETURN_TYPE = YES_ERROR;
				GCC_WARN_UNDECLARED_SELECTOR = YES;
				GCC_WARN_UNINITIALIZED_AUTOS = YES_AGGRESSIVE;
				GCC_WARN_UNUSED_FUNCTION = YES;
				GCC_WARN_UNUSED_VARIABLE = YES;
				IPHONEOS_DEPLOYMENT_TARGET = 12.2;
				MTL_ENABLE_DEBUG_INFO = NO;
				MTL_FAST_MATH = YES;
				SDKROOT = iphoneos;
				SWIFT_COMPILATION_MODE = wholemodule;
				SWIFT_OPTIMIZATION_LEVEL = "-O";
				VALIDATE_PRODUCT = YES;
			};
			name = Release;
		};
		AFF0345B22C2665000FD5777 /* Debug */ = {
			isa = XCBuildConfiguration;
			buildSettings = {
				ASSETCATALOG_COMPILER_APPICON_NAME = AppIcon;
				CODE_SIGN_STYLE = Automatic;
				INFOPLIST_FILE = Shapes/Info.plist;
				LD_RUNPATH_SEARCH_PATHS = (
					"$(inherited)",
					"@executable_path/Frameworks",
				);
				PRODUCT_BUNDLE_IDENTIFIER = com.zhanna.Shapes;
				PRODUCT_NAME = "$(TARGET_NAME)";
				SWIFT_VERSION = 5.0;
				TARGETED_DEVICE_FAMILY = "1,2";
			};
			name = Debug;
		};
		AFF0345C22C2665000FD5777 /* Release */ = {
			isa = XCBuildConfiguration;
			buildSettings = {
				ASSETCATALOG_COMPILER_APPICON_NAME = AppIcon;
				CODE_SIGN_STYLE = Automatic;
				INFOPLIST_FILE = Shapes/Info.plist;
				LD_RUNPATH_SEARCH_PATHS = (
					"$(inherited)",
					"@executable_path/Frameworks",
				);
				PRODUCT_BUNDLE_IDENTIFIER = com.zhanna.Shapes;
				PRODUCT_NAME = "$(TARGET_NAME)";
				SWIFT_VERSION = 5.0;
				TARGETED_DEVICE_FAMILY = "1,2";
			};
			name = Release;
		};
/* End XCBuildConfiguration section */

/* Begin XCConfigurationList section */
		AFF0344322C2664E00FD5777 /* Build configuration list for PBXProject "Shapes" */ = {
			isa = XCConfigurationList;
			buildConfigurations = (
				AFF0345822C2665000FD5777 /* Debug */,
				AFF0345922C2665000FD5777 /* Release */,
			);
			defaultConfigurationIsVisible = 0;
			defaultConfigurationName = Release;
		};
		AFF0345A22C2665000FD5777 /* Build configuration list for PBXNativeTarget "Shapes" */ = {
			isa = XCConfigurationList;
			buildConfigurations = (
				AFF0345B22C2665000FD5777 /* Debug */,
				AFF0345C22C2665000FD5777 /* Release */,
			);
			defaultConfigurationIsVisible = 0;
			defaultConfigurationName = Release;
		};
/* End XCConfigurationList section */
	};
	rootObject = AFF0344022C2664E00FD5777 /* Project object */;
}
